
Microsoft Visual Studio Solution File, Format Version 12.00
# Visual Studio 15
VisualStudioVersion = 15.0.27703.2018
MinimumVisualStudioVersion = 10.0.40219.1
Project("{FAE04EC0-301F-11D3-BF4B-00C04F79EFBC}") = "GaltonBoard", "GaltonBoard\GaltonBoard.csproj", "{71F68AD6-37ED-40B2-BCA2-585271DFCB8B}"
EndProject
Global
	GlobalSection(SolutionConfigurationPlatforms) = preSolution
		Debug|Any CPU = Debug|Any CPU
		Release|Any CPU = Release|Any CPU
	EndGlobalSection
	GlobalSection(ProjectConfigurationPlatforms) = postSolution
		{71F68AD6-37ED-40B2-BCA2-585271DFCB8B}.Debug|Any CPU.ActiveCfg = Debug|Any CPU
		{71F68AD6-37ED-40B2-BCA2-585271DFCB8B}.Debug|Any CPU.Build.0 = Debug|Any CPU
		{71F68AD6-37ED-40B2-BCA2-585271DFCB8B}.Release|Any CPU.ActiveCfg = Release|Any CPU
		{71F68AD6-37ED-40B2-BCA2-585271DFCB8B}.Release|Any CPU.Build.0 = Release|Any CPU
	EndGlobalSection
	GlobalSection(SolutionProperties) = preSolution
		HideSolutionNode = FALSE
	EndGlobalSection
	GlobalSection(ExtensibilityGlobals) = postSolution
		SolutionGuid = {928D55F0-9958-454F-87BF-45DFFA88D337}
	EndGlobalSection
EndGlobal
